{
  "name": "improved_nodefs",
  "version": "1.0.2",
  "lockfileVersion": 3,
  "requires": true,
  "packages": {
    "": {
      "name": "improved_nodefs",
      "version": "1.0.2",
      "license": "MIT",
      "dependencies": {
        "nodefs_httpcode": "^1.0.0"
      }
    },
    "node_modules/nodefs_httpcode": {
      "version": "1.0.0",
      "resolved": "https://registry.npmjs.org/nodefs_httpcode/-/nodefs_httpcode-1.0.0.tgz",
      "integrity": "sha512-JgaSRWxUFO7aNHOq7szZ2sMEi8OEdBjjublhV7vjZxxhyHu1dL3OAg/wa2zpOS6x0UJS2qINsFvx2docuFP7yg=="
    }
  }
}
